
Microsoft Visual Studio Solution File, Format Version 12.00
# Visual Studio Version 17
VisualStudioVersion = 17.6.33829.357
MinimumVisualStudioVersion = 10.0.40219.1
Project("{FAE04EC0-301F-11D3-BF4B-00C04F79EFBC}") = "App.API", "App.API\App.API.csproj", "{184452F9-4330-4EE2-ABA7-A980AABBB399}"
EndProject
Project("{FAE04EC0-301F-11D3-BF4B-00C04F79EFBC}") = "App.Data", "App.Data\App.Data.csproj", "{7EB040E8-8744-4029-B9D4-81205662BA9B}"
EndProject
Project("{FAE04EC0-301F-11D3-BF4B-00C04F79EFBC}") = "App.Models", "App.Models\App.Models.csproj", "{6CB789E7-D458-4856-B834-04B2E06F24A6}"
EndProject
Global
	GlobalSection(SolutionConfigurationPlatforms) = preSolution
		Debug|Any CPU = Debug|Any CPU
		Release|Any CPU = Release|Any CPU
	EndGlobalSection
	GlobalSection(ProjectConfigurationPlatforms) = postSolution
		{184452F9-4330-4EE2-ABA7-A980AABBB399}.Debug|Any CPU.ActiveCfg = Debug|Any CPU
		{184452F9-4330-4EE2-ABA7-A980AABBB399}.Debug|Any CPU.Build.0 = Debug|Any CPU
		{184452F9-4330-4EE2-ABA7-A980AABBB399}.Release|Any CPU.ActiveCfg = Release|Any CPU
		{184452F9-4330-4EE2-ABA7-A980AABBB399}.Release|Any CPU.Build.0 = Release|Any CPU
		{7EB040E8-8744-4029-B9D4-81205662BA9B}.Debug|Any CPU.ActiveCfg = Debug|Any CPU
		{7EB040E8-8744-4029-B9D4-81205662BA9B}.Debug|Any CPU.Build.0 = Debug|Any CPU
		{7EB040E8-8744-4029-B9D4-81205662BA9B}.Release|Any CPU.ActiveCfg = Release|Any CPU
		{7EB040E8-8744-4029-B9D4-81205662BA9B}.Release|Any CPU.Build.0 = Release|Any CPU
		{6CB789E7-D458-4856-B834-04B2E06F24A6}.Debug|Any CPU.ActiveCfg = Debug|Any CPU
		{6CB789E7-D458-4856-B834-04B2E06F24A6}.Debug|Any CPU.Build.0 = Debug|Any CPU
		{6CB789E7-D458-4856-B834-04B2E06F24A6}.Release|Any CPU.ActiveCfg = Release|Any CPU
		{6CB789E7-D458-4856-B834-04B2E06F24A6}.Release|Any CPU.Build.0 = Release|Any CPU
	EndGlobalSection
	GlobalSection(SolutionProperties) = preSolution
		HideSolutionNode = FALSE
	EndGlobalSection
	GlobalSection(ExtensibilityGlobals) = postSolution
		SolutionGuid = {A8C99D85-748B-4A19-BA1E-48C8681F7614}
	EndGlobalSection
EndGlobal
